
Microsoft Visual Studio Solution File, Format Version 12.00
# Visual Studio 15
Project("{FAE04EC0-301F-11D3-BF4B-00C04F79EFBC}") = "SteamVR", "SteamVR.csproj", "{E3B41A08-D2B3-9D5D-2DD9-EC4625135063}"
EndProject
Project("{FAE04EC0-301F-11D3-BF4B-00C04F79EFBC}") = "SteamVR_Editor", "SteamVR_Editor.csproj", "{80B637C5-14A7-6928-0B17-9D6F933DB332}"
EndProject
Project("{FAE04EC0-301F-11D3-BF4B-00C04F79EFBC}") = "SteamVR_Input_Editor", "SteamVR_Input_Editor.csproj", "{2D792DC6-CB3E-5DFD-38F9-AA1023A511EF}"
EndProject
Project("{FAE04EC0-301F-11D3-BF4B-00C04F79EFBC}") = "SteamVR_Windows_EditorHelper", "SteamVR_Windows_EditorHelper.csproj", "{9F23C136-E946-CB73-BC47-DF8FD218E6F3}"
EndProject
Global
	GlobalSection(SolutionConfigurationPlatforms) = preSolution
		Debug|Any CPU = Debug|Any CPU
		Release|Any CPU = Release|Any CPU
	EndGlobalSection
	GlobalSection(ProjectConfigurationPlatforms) = postSolution
		{E3B41A08-D2B3-9D5D-2DD9-EC4625135063}.Debug|Any CPU.ActiveCfg = Debug|Any CPU
		{E3B41A08-D2B3-9D5D-2DD9-EC4625135063}.Debug|Any CPU.Build.0 = Debug|Any CPU
		{E3B41A08-D2B3-9D5D-2DD9-EC4625135063}.Release|Any CPU.ActiveCfg = Release|Any CPU
		{E3B41A08-D2B3-9D5D-2DD9-EC4625135063}.Release|Any CPU.Build.0 = Release|Any CPU
		{80B637C5-14A7-6928-0B17-9D6F933DB332}.Debug|Any CPU.ActiveCfg = Debug|Any CPU
		{80B637C5-14A7-6928-0B17-9D6F933DB332}.Debug|Any CPU.Build.0 = Debug|Any CPU
		{80B637C5-14A7-6928-0B17-9D6F933DB332}.Release|Any CPU.ActiveCfg = Release|Any CPU
		{80B637C5-14A7-6928-0B17-9D6F933DB332}.Release|Any CPU.Build.0 = Release|Any CPU
		{2D792DC6-CB3E-5DFD-38F9-AA1023A511EF}.Debug|Any CPU.ActiveCfg = Debug|Any CPU
		{2D792DC6-CB3E-5DFD-38F9-AA1023A511EF}.Debug|Any CPU.Build.0 = Debug|Any CPU
		{2D792DC6-CB3E-5DFD-38F9-AA1023A511EF}.Release|Any CPU.ActiveCfg = Release|Any CPU
		{2D792DC6-CB3E-5DFD-38F9-AA1023A511EF}.Release|Any CPU.Build.0 = Release|Any CPU
		{9F23C136-E946-CB73-BC47-DF8FD218E6F3}.Debug|Any CPU.ActiveCfg = Debug|Any CPU
		{9F23C136-E946-CB73-BC47-DF8FD218E6F3}.Debug|Any CPU.Build.0 = Debug|Any CPU
		{9F23C136-E946-CB73-BC47-DF8FD218E6F3}.Release|Any CPU.ActiveCfg = Release|Any CPU
		{9F23C136-E946-CB73-BC47-DF8FD218E6F3}.Release|Any CPU.Build.0 = Release|Any CPU
	EndGlobalSection
	GlobalSection(SolutionProperties) = preSolution
		HideSolutionNode = FALSE
	EndGlobalSection
EndGlobal
